version = 1
revision = 3
requires-python = ">=3.10"

[manifest]
members = [
    "llm-mm-agent-main",
    "openai-compat-middleware",
]

[[package]]
name = "annotated-doc"
version = "0.0.4"
source = { registry = "https://mirror2.chabokan.net/pypi/simple/" }
sdist = { url = "https://mirror2.chabokan.net/pypi/packages/annotated-doc/annotated_doc-0.0.4.tar.gz" }
wheels = [
    { url = "https://mirror2.chabokan.net/pypi/packages/annotated-doc/annotated_doc-0.0.4-py3-none-any.whl" },
]

[[package]]
name = "annotated-types"
version = "0.7.0"
source = { registry = "https://mirror2.chabokan.net/pypi/simple/" }
sdist = { url = "https://mirror2.chabokan.net/pypi/packages/annotated-types/annotated_types-0.7.0.tar.gz" }
wheels = [
    { url = "https://mirror2.chabokan.net/pypi/packages/annotated-types/annotated_types-0.7.0-py3-none-any.whl" },
]

[[package]]
name = "anyio"
version = "4.13.0"
source = { registry = "https://mirror2.chabokan.net/pypi/simple/" }
dependencies = [
    { name = "exceptiongroup", marker = "python_full_version < '3.11'" },
    { name = "idna" },
    { name = "typing-extensions", marker = "python_full_version < '3.13'" },
]
sdist = { url = "https://mirror2.chabokan.net/pypi/packages/anyio/anyio-4.13.0.tar.gz" }
wheels = [
    { url = "https://mirror2.chabokan.net/pypi/packages/anyio/anyio-4.13.0-py3-none-any.whl" },
]

[[package]]
name = "certifi"
version = "2026.2.25"
source = { registry = "https://mirror2.chabokan.net/pypi/simple/" }
sdist = { url = "https://mirror2.chabokan.net/pypi/packages/certifi/certifi-2026.2.25.tar.gz" }
wheels = [
    { url = "https://mirror2.chabokan.net/pypi/packages/certifi/certifi-2026.2.25-py3-none-any.whl" },
]

[[package]]
name = "click"
version = "8.3.2"
source = { registry = "https://mirror2.chabokan.net/pypi/simple/" }
dependencies = [
    { name = "colorama", marker = "sys_platform == 'win32'" },
]
sdist = { url = "https://mirror2.chabokan.net/pypi/packages/click/click-8.3.2.tar.gz" }
wheels = [
    { url = "https://mirror2.chabokan.net/pypi/packages/click/click-8.3.2-py3-none-any.whl" },
]

[[package]]
name = "colorama"
version = "0.4.6"
source = { registry = "https://mirror2.chabokan.net/pypi/simple/" }
sdist = { url = "https://mirror2.chabokan.net/pypi/packages/colorama/colorama-0.4.6.tar.gz" }
wheels = [
    { url = "https://mirror2.chabokan.net/pypi/packages/colorama/colorama-0.4.6-py2.py3-none-any.whl" },
]

[[package]]
name = "exceptiongroup"
version = "1.3.1"
source = { registry = "https://mirror2.chabokan.net/pypi/simple/" }
dependencies = [
    { name = "typing-extensions", marker = "python_full_version < '3.13'" },
]
sdist = { url = "https://mirror2.chabokan.net/pypi/packages/exceptiongroup/exceptiongroup-1.3.1.tar.gz" }
wheels = [
    { url = "https://mirror2.chabokan.net/pypi/packages/exceptiongroup/exceptiongroup-1.3.1-py3-none-any.whl" },
]

[[package]]
name = "fastapi"
version = "0.136.0"
source = { registry = "https://mirror2.chabokan.net/pypi/simple/" }
dependencies = [
    { name = "annotated-doc" },
    { name = "pydantic" },
    { name = "starlette" },
    { name = "typing-extensions" },
    { name = "typing-inspection" },
]
sdist = { url = "https://mirror2.chabokan.net/pypi/packages/fastapi/fastapi-0.136.0.tar.gz" }
wheels = [
    { url = "https://mirror2.chabokan.net/pypi/packages/fastapi/fastapi-0.136.0-py3-none-any.whl" },
]

[[package]]
name = "h11"
version = "0.16.0"
source = { registry = "https://mirror2.chabokan.net/pypi/simple/" }
sdist = { url = "https://mirror2.chabokan.net/pypi/packages/h11/h11-0.16.0.tar.gz" }
wheels = [
    { url = "https://mirror2.chabokan.net/pypi/packages/h11/h11-0.16.0-py3-none-any.whl" },
]

[[package]]
name = "httpcore"
version = "1.0.9"
source = { registry = "https://mirror2.chabokan.net/pypi/simple/" }
dependencies = [
    { name = "certifi" },
    { name = "h11" },
]
sdist = { url = "https://mirror2.chabokan.net/pypi/packages/httpcore/httpcore-1.0.9.tar.gz" }
wheels = [
    { url = "https://mirror2.chabokan.net/pypi/packages/httpcore/httpcore-1.0.9-py3-none-any.whl" },
]

[[package]]
name = "httpx"
version = "0.28.1"
source = { registry = "https://mirror2.chabokan.net/pypi/simple/" }
dependencies = [
    { name = "anyio" },
    { name = "certifi" },
    { name = "httpcore" },
    { name = "idna" },
]
sdist = { url = "https://mirror2.chabokan.net/pypi/packages/httpx/httpx-0.28.1.tar.gz" }
wheels = [
    { url = "https://mirror2.chabokan.net/pypi/packages/httpx/httpx-0.28.1-py3-none-any.whl" },
]

[[package]]
name = "idna"
version = "3.11"
source = { registry = "https://mirror2.chabokan.net/pypi/simple/" }
sdist = { url = "https://mirror2.chabokan.net/pypi/packages/idna/idna-3.11.tar.gz" }
wheels = [
    { url = "https://mirror2.chabokan.net/pypi/packages/idna/idna-3.11-py3-none-any.whl" },
]

[[package]]
name = "llm-mm-agent-main"
version = "0.1.0"
source = { virtual = "." }

[[package]]
name = "openai-compat-middleware"
version = "0.1.0"
source = { virtual = "openai_compat_middleware" }
dependencies = [
    { name = "fastapi" },
    { name = "httpx" },
    { name = "python-dotenv" },
    { name = "tomli", marker = "python_full_version < '3.11'" },
    { name = "uvicorn" },
]

[package.metadata]
requires-dist = [
    { name = "fastapi", specifier = ">=0.111.0" },
    { name = "httpx", specifier = ">=0.27.0" },
    { name = "python-dotenv", specifier = ">=1.0.0" },
    { name = "tomli", marker = "python_full_version < '3.11'", specifier = ">=2.0.0" },
    { name = "uvicorn", specifier = ">=0.30.0" },
]

[[package]]
name = "pydantic"
version = "2.13.2"
source = { registry = "https://mirror2.chabokan.net/pypi/simple/" }
dependencies = [
    { name = "annotated-types" },
    { name = "pydantic-core" },
    { name = "typing-extensions" },
    { name = "typing-inspection" },
]
sdist = { url = "https://mirror2.chabokan.net/pypi/packages/pydantic/pydantic-2.13.2.tar.gz" }
wheels = [
    { url = "https://mirror2.chabokan.net/pypi/packages/pydantic/pydantic-2.13.2-py3-none-any.whl" },
]

[[package]]
name = "pydantic-core"
version = "2.46.2"
source = { registry = "https://mirror2.chabokan.net/pypi/simple/" }
dependencies = [
    { name = "typing-extensions" },
]
sdist = { url = "https://mirror2.chabokan.net/pypi/packages/pydantic-core/pydantic_core-2.46.2.tar.gz" }
wheels = [
    { url = "https://mirror2.chabokan.net/pypi/packages/pydantic-core/pydantic_core-2.46.2-cp310-cp310-macosx_10_12_x86_64.whl" },
    { url = "https://mirror2.chabokan.net/pypi/packages/pydantic-core/pydantic_core-2.46.2-cp310-cp310-macosx_11_0_arm64.whl" },
    { url = "https://mirror2.chabokan.net/pypi/packages/pydantic-core/pydantic_core-2.46.2-cp310-cp310-manylinux_2_17_aarch64.manylinux2014_aarch64.whl" },
    { url = "https://mirror2.chabokan.net/pypi/packages/pydantic-core/pydantic_core-2.46.2-cp310-cp310-manylinux_2_17_armv7l.manylinux2014_armv7l.whl" },
    { url = "https://mirror2.chabokan.net/pypi/packages/pydantic-core/pydantic_core-2.46.2-cp310-cp310-manylinux_2_17_ppc64le.manylinux2014_ppc64le.whl" },
    { url = "https://mirror2.chabokan.net/pypi/packages/pydantic-core/pydantic_core-2.46.2-cp310-cp310-manylinux_2_17_s390x.manylinux2014_s390x.whl" },
    { url = "https://mirror2.chabokan.net/pypi/packages/pydantic-core/pydantic_core-2.46.2-cp310-cp310-manylinux_2_17_x86_64.manylinux2014_x86_64.whl" },
    { url = "https://mirror2.chabokan.net/pypi/packages/pydantic-core/pydantic_core-2.46.2-cp310-cp310-manylinux_2_31_riscv64.whl" },
    { url = "https://mirror2.chabokan.net/pypi/packages/pydantic-core/pydantic_core-2.46.2-cp310-cp310-manylinux_2_5_i686.manylinux1_i686.whl" },
    { url = "https://mirror2.chabokan.net/pypi/packages/pydantic-core/pydantic_core-2.46.2-cp310-cp310-musllinux_1_1_aarch64.whl" },
    { url = "https://mirror2.chabokan.net/pypi/packages/pydantic-core/pydantic_core-2.46.2-cp310-cp310-musllinux_1_1_armv7l.whl" },
    { url = "https://mirror2.chabokan.net/pypi/packages/pydantic-core/pydantic_core-2.46.2-cp310-cp310-musllinux_1_1_x86_64.whl" },
    { url = "https://mirror2.chabokan.net/pypi/packages/pydantic-core/pydantic_core-2.46.2-cp310-cp310-win32.whl" },
    { url = "https://mirror2.chabokan.net/pypi/packages/pydantic-core/pydantic_core-2.46.2-cp310-cp310-win_amd64.whl" },
    { url = "https://mirror2.chabokan.net/pypi/packages/pydantic-core/pydantic_core-2.46.2-cp311-cp311-macosx_10_12_x86_64.whl" },
    { url = "https://mirror2.chabokan.net/pypi/packages/pydantic-core/pydantic_core-2.46.2-cp311-cp311-macosx_11_0_arm64.whl" },
    { url = "https://mirror2.chabokan.net/pypi/packages/pydantic-core/pydantic_core-2.46.2-cp311-cp311-manylinux_2_17_aarch64.manylinux2014_aarch64.whl" },
    { url = "https://mirror2.chabokan.net/pypi/packages/pydantic-core/pydantic_core-2.46.2-cp311-cp311-manylinux_2_17_armv7l.manylinux2014_armv7l.whl" },
    { url = "https://mirror2.chabokan.net/pypi/packages/pydantic-core/pydantic_core-2.46.2-cp311-cp311-manylinux_2_17_ppc64le.manylinux2014_ppc64le.whl" },
    { url = "https://mirror2.chabokan.net/pypi/packages/pydantic-core/pydantic_core-2.46.2-cp311-cp311-manylinux_2_17_s390x.manylinux2014_s390x.whl" },
    { url = "https://mirror2.chabokan.net/pypi/packages/pydantic-core/pydantic_core-2.46.2-cp311-cp311-manylinux_2_17_x86_64.manylinux2014_x86_64.whl" },
    { url = "https://mirror2.chabokan.net/pypi/packages/pydantic-core/pydantic_core-2.46.2-cp311-cp311-manylinux_2_31_riscv64.whl" },
    { url = "https://mirror2.chabokan.net/pypi/packages/pydantic-core/pydantic_core-2.46.2-cp311-cp311-manylinux_2_5_i686.manylinux1_i686.whl" },
    { url = "https://mirror2.chabokan.net/pypi/packages/pydantic-core/pydantic_core-2.46.2-cp311-cp311-musllinux_1_1_aarch64.whl" },
    { url = "https://mirror2.chabokan.net/pypi/packages/pydantic-core/pydantic_core-2.46.2-cp311-cp311-musllinux_1_1_armv7l.whl" },
    { url = "https://mirror2.chabokan.net/pypi/packages/pydantic-core/pydantic_core-2.46.2-cp311-cp311-musllinux_1_1_x86_64.whl" },
    { url = "https://mirror2.chabokan.net/pypi/packages/pydantic-core/pydantic_core-2.46.2-cp311-cp311-win32.whl" },
    { url = "https://mirror2.chabokan.net/pypi/packages/pydantic-core/pydantic_core-2.46.2-cp311-cp311-win_amd64.whl" },
    { url = "https://mirror2.chabokan.net/pypi/packages/pydantic-core/pydantic_core-2.46.2-cp311-cp311-win_arm64.whl" },
    { url = "https://mirror2.chabokan.net/pypi/packages/pydantic-core/pydantic_core-2.46.2-cp312-cp312-macosx_10_12_x86_64.whl" },
    { url = "https://mirror2.chabokan.net/pypi/packages/pydantic-core/pydantic_core-2.46.2-cp312-cp312-macosx_11_0_arm64.whl" },
    { url = "https://mirror2.chabokan.net/pypi/packages/pydantic-core/pydantic_core-2.46.2-cp312-cp312-manylinux_2_17_aarch64.manylinux2014_aarch64.whl" },
    { url = "https://mirror2.chabokan.net/pypi/packages/pydantic-core/pydantic_core-2.46.2-cp312-cp312-manylinux_2_17_armv7l.manylinux2014_armv7l.whl" },
    { url = "https://mirror2.chabokan.net/pypi/packages/pydantic-core/pydantic_core-2.46.2-cp312-cp312-manylinux_2_17_ppc64le.manylinux2014_ppc64le.whl" },
    { url = "https://mirror2.chabokan.net/pypi/packages/pydantic-core/pydantic_core-2.46.2-cp312-cp312-manylinux_2_17_s390x.manylinux2014_s390x.whl" },
    { url = "https://mirror2.chabokan.net/pypi/packages/pydantic-core/pydantic_core-2.46.2-cp312-cp312-manylinux_2_17_x86_64.manylinux2014_x86_64.whl" },
    { url = "https://mirror2.chabokan.net/pypi/packages/pydantic-core/pydantic_core-2.46.2-cp312-cp312-manylinux_2_31_riscv64.whl" },
    { url = "https://mirror2.chabokan.net/pypi/packages/pydantic-core/pydantic_core-2.46.2-cp312-cp312-manylinux_2_5_i686.manylinux1_i686.whl" },
    { url = "https://mirror2.chabokan.net/pypi/packages/pydantic-core/pydantic_core-2.46.2-cp312-cp312-musllinux_1_1_aarch64.whl" },
    { url = "https://mirror2.chabokan.net/pypi/packages/pydantic-core/pydantic_core-2.46.2-cp312-cp312-musllinux_1_1_armv7l.whl" },
    { url = "https://mirror2.chabokan.net/pypi/packages/pydantic-core/pydantic_core-2.46.2-cp312-cp312-musllinux_1_1_x86_64.whl" },
    { url = "https://mirror2.chabokan.net/pypi/packages/pydantic-core/pydantic_core-2.46.2-cp312-cp312-win32.whl" },
    { url = "https://mirror2.chabokan.net/pypi/packages/pydantic-core/pydantic_core-2.46.2-cp312-cp312-win_amd64.whl" },
    { url = "https://mirror2.chabokan.net/pypi/packages/pydantic-core/pydantic_core-2.46.2-cp312-cp312-win_arm64.whl" },
    { url = "https://mirror2.chabokan.net/pypi/packages/pydantic-core/pydantic_core-2.46.2-cp313-cp313-macosx_10_12_x86_64.whl" },
    { url = "https://mirror2.chabokan.net/pypi/packages/pydantic-core/pydantic_core-2.46.2-cp313-cp313-macosx_11_0_arm64.whl" },
    { url = "https://mirror2.chabokan.net/pypi/packages/pydantic-core/pydantic_core-2.46.2-cp313-cp313-manylinux_2_17_aarch64.manylinux2014_aarch64.whl" },
    { url = "https://mirror2.chabokan.net/pypi/packages/pydantic-core/pydantic_core-2.46.2-cp313-cp313-manylinux_2_17_armv7l.manylinux2014_armv7l.whl" },
    { url = "https://mirror2.chabokan.net/pypi/packages/pydantic-core/pydantic_core-2.46.2-cp313-cp313-manylinux_2_17_ppc64le.manylinux2014_ppc64le.whl" },
    { url = "https://mirror2.chabokan.net/pypi/packages/pydantic-core/pydantic_core-2.46.2-cp313-cp313-manylinux_2_17_s390x.manylinux2014_s390x.whl" },
    { url = "https://mirror2.chabokan.net/pypi/packages/pydantic-core/pydantic_core-2.46.2-cp313-cp313-manylinux_2_17_x86_64.manylinux2014_x86_64.whl" },
    { url = "https://mirror2.chabokan.net/pypi/packages/pydantic-core/pydantic_core-2.46.2-cp313-cp313-manylinux_2_31_riscv64.whl" },
    { url = "https://mirror2.chabokan.net/pypi/packages/pydantic-core/pydantic_core-2.46.2-cp313-cp313-manylinux_2_5_i686.manylinux1_i686.whl" },
    { url = "https://mirror2.chabokan.net/pypi/packages/pydantic-core/pydantic_core-2.46.2-cp313-cp313-musllinux_1_1_aarch64.whl" },
    { url = "https://mirror2.chabokan.net/pypi/packages/pydantic-core/pydantic_core-2.46.2-cp313-cp313-musllinux_1_1_armv7l.whl" },
    { url = "https://mirror2.chabokan.net/pypi/packages/pydantic-core/pydantic_core-2.46.2-cp313-cp313-musllinux_1_1_x86_64.whl" },
    { url = "https://mirror2.chabokan.net/pypi/packages/pydantic-core/pydantic_core-2.46.2-cp313-cp313-win32.whl" },
    { url = "https://mirror2.chabokan.net/pypi/packages/pydantic-core/pydantic_core-2.46.2-cp313-cp313-win_amd64.whl" },
    { url = "https://mirror2.chabokan.net/pypi/packages/pydantic-core/pydantic_core-2.46.2-cp313-cp313-win_arm64.whl" },
    { url = "https://mirror2.chabokan.net/pypi/packages/pydantic-core/pydantic_core-2.46.2-cp314-cp314-macosx_10_12_x86_64.whl" },
    { url = "https://mirror2.chabokan.net/pypi/packages/pydantic-core/pydantic_core-2.46.2-cp314-cp314-macosx_11_0_arm64.whl" },
    { url = "https://mirror2.chabokan.net/pypi/packages/pydantic-core/pydantic_core-2.46.2-cp314-cp314-manylinux_2_17_aarch64.manylinux2014_aarch64.whl" },
    { url = "https://mirror2.chabokan.net/pypi/packages/pydantic-core/pydantic_core-2.46.2-cp314-cp314-manylinux_2_17_armv7l.manylinux2014_armv7l.whl" },
    { url = "https://mirror2.chabokan.net/pypi/packages/pydantic-core/pydantic_core-2.46.2-cp314-cp314-manylinux_2_17_ppc64le.manylinux2014_ppc64le.whl" },
    { url = "https://mirror2.chabokan.net/pypi/packages/pydantic-core/pydantic_core-2.46.2-cp314-cp314-manylinux_2_17_s390x.manylinux2014_s390x.whl" },
    { url = "https://mirror2.chabokan.net/pypi/packages/pydantic-core/pydantic_core-2.46.2-cp314-cp314-manylinux_2_17_x86_64.manylinux2014_x86_64.whl" },
    { url = "https://mirror2.chabokan.net/pypi/packages/pydantic-core/pydantic_core-2.46.2-cp314-cp314-manylinux_2_31_riscv64.whl" },
    { url = "https://mirror2.chabokan.net/pypi/packages/pydantic-core/pydantic_core-2.46.2-cp314-cp314-manylinux_2_5_i686.manylinux1_i686.whl" },
    { url = "https://mirror2.chabokan.net/pypi/packages/pydantic-core/pydantic_core-2.46.2-cp314-cp314-musllinux_1_1_aarch64.whl" },
    { url = "https://mirror2.chabokan.net/pypi/packages/pydantic-core/pydantic_core-2.46.2-cp314-cp314-musllinux_1_1_armv7l.whl" },
    { url = "https://mirror2.chabokan.net/pypi/packages/pydantic-core/pydantic_core-2.46.2-cp314-cp314-musllinux_1_1_x86_64.whl" },
    { url = "https://mirror2.chabokan.net/pypi/packages/pydantic-core/pydantic_core-2.46.2-cp314-cp314-win32.whl" },
    { url = "https://mirror2.chabokan.net/pypi/packages/pydantic-core/pydantic_core-2.46.2-cp314-cp314-win_amd64.whl" },
    { url = "https://mirror2.chabokan.net/pypi/packages/pydantic-core/pydantic_core-2.46.2-cp314-cp314-win_arm64.whl" },
    { url = "https://mirror2.chabokan.net/pypi/packages/pydantic-core/pydantic_core-2.46.2-cp314-cp314t-macosx_10_12_x86_64.whl" },
    { url = "https://mirror2.chabokan.net/pypi/packages/pydantic-core/pydantic_core-2.46.2-cp314-cp314t-macosx_11_0_arm64.whl" },
    { url = "https://mirror2.chabokan.net/pypi/packages/pydantic-core/pydantic_core-2.46.2-cp314-cp314t-manylinux_2_17_aarch64.manylinux2014_aarch64.whl" },
    { url = "https://mirror2.chabokan.net/pypi/packages/pydantic-core/pydantic_core-2.46.2-cp314-cp314t-manylinux_2_17_armv7l.manylinux2014_armv7l.whl" },
    { url = "https://mirror2.chabokan.net/pypi/packages/pydantic-core/pydantic_core-2.46.2-cp314-cp314t-manylinux_2_17_ppc64le.manylinux2014_ppc64le.whl" },
    { url = "https://mirror2.chabokan.net/pypi/packages/pydantic-core/pydantic_core-2.46.2-cp314-cp314t-manylinux_2_17_s390x.manylinux2014_s390x.whl" },
    { url = "https://mirror2.chabokan.net/pypi/packages/pydantic-core/pydantic_core-2.46.2-cp314-cp314t-manylinux_2_17_x86_64.manylinux2014_x86_64.whl" },
    { url = "https://mirror2.chabokan.net/pypi/packages/pydantic-core/pydantic_core-2.46.2-cp314-cp314t-manylinux_2_31_riscv64.whl" },
    { url = "https://mirror2.chabokan.net/pypi/packages/pydantic-core/pydantic_core-2.46.2-cp314-cp314t-manylinux_2_5_i686.manylinux1_i686.whl" },
    { url = "https://mirror2.chabokan.net/pypi/packages/pydantic-core/pydantic_core-2.46.2-cp314-cp314t-musllinux_1_1_aarch64.whl" },
    { url = "https://mirror2.chabokan.net/pypi/packages/pydantic-core/pydantic_core-2.46.2-cp314-cp314t-musllinux_1_1_armv7l.whl" },
    { url = "https://mirror2.chabokan.net/pypi/packages/pydantic-core/pydantic_core-2.46.2-cp314-cp314t-musllinux_1_1_x86_64.whl" },
    { url = "https://mirror2.chabokan.net/pypi/packages/pydantic-core/pydantic_core-2.46.2-cp314-cp314t-win32.whl" },
    { url = "https://mirror2.chabokan.net/pypi/packages/pydantic-core/pydantic_core-2.46.2-cp314-cp314t-win_amd64.whl" },
    { url = "https://mirror2.chabokan.net/pypi/packages/pydantic-core/pydantic_core-2.46.2-cp314-cp314t-win_arm64.whl" },
    { url = "https://mirror2.chabokan.net/pypi/packages/pydantic-core/pydantic_core-2.46.2-graalpy311-graalpy242_311_native-macosx_10_12_x86_64.whl" },
    { url = "https://mirror2.chabokan.net/pypi/packages/pydantic-core/pydantic_core-2.46.2-graalpy311-graalpy242_311_native-macosx_11_0_arm64.whl" },
    { url = "https://mirror2.chabokan.net/pypi/packages/pydantic-core/pydantic_core-2.46.2-graalpy311-graalpy242_311_native-manylinux_2_17_aarch64.manylinux2014_aarch64.whl" },
    { url = "https://mirror2.chabokan.net/pypi/packages/pydantic-core/pydantic_core-2.46.2-graalpy311-graalpy242_311_native-manylinux_2_17_x86_64.manylinux2014_x86_64.whl" },
    { url = "https://mirror2.chabokan.net/pypi/packages/pydantic-core/pydantic_core-2.46.2-graalpy312-graalpy250_312_native-macosx_10_12_x86_64.whl" },
    { url = "https://mirror2.chabokan.net/pypi/packages/pydantic-core/pydantic_core-2.46.2-graalpy312-graalpy250_312_native-macosx_11_0_arm64.whl" },
    { url = "https://mirror2.chabokan.net/pypi/packages/pydantic-core/pydantic_core-2.46.2-graalpy312-graalpy250_312_native-manylinux_2_17_aarch64.manylinux2014_aarch64.whl" },
    { url = "https://mirror2.chabokan.net/pypi/packages/pydantic-core/pydantic_core-2.46.2-graalpy312-graalpy250_312_native-manylinux_2_17_x86_64.manylinux2014_x86_64.whl" },
    { url = "https://mirror2.chabokan.net/pypi/packages/pydantic-core/pydantic_core-2.46.2-pp311-pypy311_pp73-macosx_10_12_x86_64.whl" },
    { url = "https://mirror2.chabokan.net/pypi/packages/pydantic-core/pydantic_core-2.46.2-pp311-pypy311_pp73-macosx_11_0_arm64.whl" },
    { url = "https://mirror2.chabokan.net/pypi/packages/pydantic-core/pydantic_core-2.46.2-pp311-pypy311_pp73-manylinux_2_17_x86_64.manylinux2014_x86_64.whl" },
    { url = "https://mirror2.chabokan.net/pypi/packages/pydantic-core/pydantic_core-2.46.2-pp311-pypy311_pp73-manylinux_2_5_i686.manylinux1_i686.whl" },
    { url = "https://mirror2.chabokan.net/pypi/packages/pydantic-core/pydantic_core-2.46.2-pp311-pypy311_pp73-musllinux_1_1_aarch64.whl" },
    { url = "https://mirror2.chabokan.net/pypi/packages/pydantic-core/pydantic_core-2.46.2-pp311-pypy311_pp73-musllinux_1_1_armv7l.whl" },
    { url = "https://mirror2.chabokan.net/pypi/packages/pydantic-core/pydantic_core-2.46.2-pp311-pypy311_pp73-musllinux_1_1_x86_64.whl" },
    { url = "https://mirror2.chabokan.net/pypi/packages/pydantic-core/pydantic_core-2.46.2-pp311-pypy311_pp73-win_amd64.whl" },
]

[[package]]
name = "python-dotenv"
version = "1.2.2"
source = { registry = "https://mirror2.chabokan.net/pypi/simple/" }
sdist = { url = "https://mirror2.chabokan.net/pypi/packages/python-dotenv/python_dotenv-1.2.2.tar.gz" }
wheels = [
    { url = "https://mirror2.chabokan.net/pypi/packages/python-dotenv/python_dotenv-1.2.2-py3-none-any.whl" },
]

[[package]]
name = "starlette"
version = "1.0.0"
source = { registry = "https://mirror2.chabokan.net/pypi/simple/" }
dependencies = [
    { name = "anyio" },
    { name = "typing-extensions", marker = "python_full_version < '3.13'" },
]
sdist = { url = "https://mirror2.chabokan.net/pypi/packages/starlette/starlette-1.0.0.tar.gz" }
wheels = [
    { url = "https://mirror2.chabokan.net/pypi/packages/starlette/starlette-1.0.0-py3-none-any.whl" },
]

[[package]]
name = "tomli"
version = "2.4.1"
source = { registry = "https://mirror2.chabokan.net/pypi/simple/" }
sdist = { url = "https://mirror2.chabokan.net/pypi/packages/tomli/tomli-2.4.1.tar.gz" }
wheels = [
    { url = "https://mirror2.chabokan.net/pypi/packages/tomli/tomli-2.4.1-cp311-cp311-macosx_10_9_x86_64.whl" },
    { url = "https://mirror2.chabokan.net/pypi/packages/tomli/tomli-2.4.1-cp311-cp311-macosx_11_0_arm64.whl" },
    { url = "https://mirror2.chabokan.net/pypi/packages/tomli/tomli-2.4.1-cp311-cp311-manylinux2014_aarch64.manylinux_2_17_aarch64.manylinux_2_28_aarch64.whl" },
    { url = "https://mirror2.chabokan.net/pypi/packages/tomli/tomli-2.4.1-cp311-cp311-manylinux2014_x86_64.manylinux_2_17_x86_64.manylinux_2_28_x86_64.whl" },
    { url = "https://mirror2.chabokan.net/pypi/packages/tomli/tomli-2.4.1-cp311-cp311-musllinux_1_2_aarch64.whl" },
    { url = "https://mirror2.chabokan.net/pypi/packages/tomli/tomli-2.4.1-cp311-cp311-musllinux_1_2_x86_64.whl" },
    { url = "https://mirror2.chabokan.net/pypi/packages/tomli/tomli-2.4.1-cp311-cp311-win32.whl" },
    { url = "https://mirror2.chabokan.net/pypi/packages/tomli/tomli-2.4.1-cp311-cp311-win_amd64.whl" },
    { url = "https://mirror2.chabokan.net/pypi/packages/tomli/tomli-2.4.1-cp311-cp311-win_arm64.whl" },
    { url = "https://mirror2.chabokan.net/pypi/packages/tomli/tomli-2.4.1-cp312-cp312-macosx_10_13_x86_64.whl" },
    { url = "https://mirror2.chabokan.net/pypi/packages/tomli/tomli-2.4.1-cp312-cp312-macosx_11_0_arm64.whl" },
    { url = "https://mirror2.chabokan.net/pypi/packages/tomli/tomli-2.4.1-cp312-cp312-manylinux2014_aarch64.manylinux_2_17_aarch64.manylinux_2_28_aarch64.whl" },
    { url = "https://mirror2.chabokan.net/pypi/packages/tomli/tomli-2.4.1-cp312-cp312-manylinux2014_x86_64.manylinux_2_17_x86_64.manylinux_2_28_x86_64.whl" },
    { url = "https://mirror2.chabokan.net/pypi/packages/tomli/tomli-2.4.1-cp312-cp312-musllinux_1_2_aarch64.whl" },
    { url = "https://mirror2.chabokan.net/pypi/packages/tomli/tomli-2.4.1-cp312-cp312-musllinux_1_2_x86_64.whl" },
    { url = "https://mirror2.chabokan.net/pypi/packages/tomli/tomli-2.4.1-cp312-cp312-win32.whl" },
    { url = "https://mirror2.chabokan.net/pypi/packages/tomli/tomli-2.4.1-cp312-cp312-win_amd64.whl" },
    { url = "https://mirror2.chabokan.net/pypi/packages/tomli/tomli-2.4.1-cp312-cp312-win_arm64.whl" },
    { url = "https://mirror2.chabokan.net/pypi/packages/tomli/tomli-2.4.1-cp313-cp313-macosx_10_13_x86_64.whl" },
    { url = "https://mirror2.chabokan.net/pypi/packages/tomli/tomli-2.4.1-cp313-cp313-macosx_11_0_arm64.whl" },
    { url = "https://mirror2.chabokan.net/pypi/packages/tomli/tomli-2.4.1-cp313-cp313-manylinux2014_aarch64.manylinux_2_17_aarch64.manylinux_2_28_aarch64.whl" },
    { url = "https://mirror2.chabokan.net/pypi/packages/tomli/tomli-2.4.1-cp313-cp313-manylinux2014_x86_64.manylinux_2_17_x86_64.manylinux_2_28_x86_64.whl" },
    { url = "https://mirror2.chabokan.net/pypi/packages/tomli/tomli-2.4.1-cp313-cp313-musllinux_1_2_aarch64.whl" },
    { url = "https://mirror2.chabokan.net/pypi/packages/tomli/tomli-2.4.1-cp313-cp313-musllinux_1_2_x86_64.whl" },
    { url = "https://mirror2.chabokan.net/pypi/packages/tomli/tomli-2.4.1-cp313-cp313-win32.whl" },
    { url = "https://mirror2.chabokan.net/pypi/packages/tomli/tomli-2.4.1-cp313-cp313-win_amd64.whl" },
    { url = "https://mirror2.chabokan.net/pypi/packages/tomli/tomli-2.4.1-cp313-cp313-win_arm64.whl" },
    { url = "https://mirror2.chabokan.net/pypi/packages/tomli/tomli-2.4.1-cp314-cp314-macosx_10_15_x86_64.whl" },
    { url = "https://mirror2.chabokan.net/pypi/packages/tomli/tomli-2.4.1-cp314-cp314-macosx_11_0_arm64.whl" },
    { url = "https://mirror2.chabokan.net/pypi/packages/tomli/tomli-2.4.1-cp314-cp314-manylinux2014_aarch64.manylinux_2_17_aarch64.manylinux_2_28_aarch64.whl" },
    { url = "https://mirror2.chabokan.net/pypi/packages/tomli/tomli-2.4.1-cp314-cp314-manylinux2014_x86_64.manylinux_2_17_x86_64.manylinux_2_28_x86_64.whl" },
    { url = "https://mirror2.chabokan.net/pypi/packages/tomli/tomli-2.4.1-cp314-cp314-musllinux_1_2_aarch64.whl" },
    { url = "https://mirror2.chabokan.net/pypi/packages/tomli/tomli-2.4.1-cp314-cp314-musllinux_1_2_x86_64.whl" },
    { url = "https://mirror2.chabokan.net/pypi/packages/tomli/tomli-2.4.1-cp314-cp314-win32.whl" },
    { url = "https://mirror2.chabokan.net/pypi/packages/tomli/tomli-2.4.1-cp314-cp314-win_amd64.whl" },
    { url = "https://mirror2.chabokan.net/pypi/packages/tomli/tomli-2.4.1-cp314-cp314-win_arm64.whl" },
    { url = "https://mirror2.chabokan.net/pypi/packages/tomli/tomli-2.4.1-cp314-cp314t-macosx_10_15_x86_64.whl" },
    { url = "https://mirror2.chabokan.net/pypi/packages/tomli/tomli-2.4.1-cp314-cp314t-macosx_11_0_arm64.whl" },
    { url = "https://mirror2.chabokan.net/pypi/packages/tomli/tomli-2.4.1-cp314-cp314t-manylinux2014_aarch64.manylinux_2_17_aarch64.manylinux_2_28_aarch64.whl" },
    { url = "https://mirror2.chabokan.net/pypi/packages/tomli/tomli-2.4.1-cp314-cp314t-manylinux2014_x86_64.manylinux_2_17_x86_64.manylinux_2_28_x86_64.whl" },
    { url = "https://mirror2.chabokan.net/pypi/packages/tomli/tomli-2.4.1-cp314-cp314t-musllinux_1_2_aarch64.whl" },
    { url = "https://mirror2.chabokan.net/pypi/packages/tomli/tomli-2.4.1-cp314-cp314t-musllinux_1_2_x86_64.whl" },
    { url = "https://mirror2.chabokan.net/pypi/packages/tomli/tomli-2.4.1-cp314-cp314t-win32.whl" },
    { url = "https://mirror2.chabokan.net/pypi/packages/tomli/tomli-2.4.1-cp314-cp314t-win_amd64.whl" },
    { url = "https://mirror2.chabokan.net/pypi/packages/tomli/tomli-2.4.1-cp314-cp314t-win_arm64.whl" },
    { url = "https://mirror2.chabokan.net/pypi/packages/tomli/tomli-2.4.1-py3-none-any.whl" },
]

[[package]]
name = "typing-extensions"
version = "4.15.0"
source = { registry = "https://mirror2.chabokan.net/pypi/simple/" }
sdist = { url = "https://mirror2.chabokan.net/pypi/packages/typing-extensions/typing_extensions-4.15.0.tar.gz" }
wheels = [
    { url = "https://mirror2.chabokan.net/pypi/packages/typing-extensions/typing_extensions-4.15.0-py3-none-any.whl" },
]

[[package]]
name = "typing-inspection"
version = "0.4.2"
source = { registry = "https://mirror2.chabokan.net/pypi/simple/" }
dependencies = [
    { name = "typing-extensions" },
]
sdist = { url = "https://mirror2.chabokan.net/pypi/packages/typing-inspection/typing_inspection-0.4.2.tar.gz" }
wheels = [
    { url = "https://mirror2.chabokan.net/pypi/packages/typing-inspection/typing_inspection-0.4.2-py3-none-any.whl" },
]

[[package]]
name = "uvicorn"
version = "0.44.0"
source = { registry = "https://mirror2.chabokan.net/pypi/simple/" }
dependencies = [
    { name = "click" },
    { name = "h11" },
    { name = "typing-extensions", marker = "python_full_version < '3.11'" },
]
sdist = { url = "https://mirror2.chabokan.net/pypi/packages/uvicorn/uvicorn-0.44.0.tar.gz" }
wheels = [
    { url = "https://mirror2.chabokan.net/pypi/packages/uvicorn/uvicorn-0.44.0-py3-none-any.whl" },
]
